
Microsoft Visual Studio Solution File, Format Version 12.00
# Visual Studio Version 17
VisualStudioVersion = 17.4.33213.308
MinimumVisualStudioVersion = 10.0.40219.1
Project("{FAE04EC0-301F-11D3-BF4B-00C04F79EFBC}") = "exerUri1008", "exerUri1008.csproj", "{20425699-138C-444E-806D-768D1E916C41}"
EndProject
Global
	GlobalSection(SolutionConfigurationPlatforms) = preSolution
		Debug|Any CPU = Debug|Any CPU
		Release|Any CPU = Release|Any CPU
	EndGlobalSection
	GlobalSection(ProjectConfigurationPlatforms) = postSolution
		{20425699-138C-444E-806D-768D1E916C41}.Debug|Any CPU.ActiveCfg = Debug|Any CPU
		{20425699-138C-444E-806D-768D1E916C41}.Debug|Any CPU.Build.0 = Debug|Any CPU
		{20425699-138C-444E-806D-768D1E916C41}.Release|Any CPU.ActiveCfg = Release|Any CPU
		{20425699-138C-444E-806D-768D1E916C41}.Release|Any CPU.Build.0 = Release|Any CPU
	EndGlobalSection
	GlobalSection(SolutionProperties) = preSolution
		HideSolutionNode = FALSE
	EndGlobalSection
	GlobalSection(ExtensibilityGlobals) = postSolution
		SolutionGuid = {D3A4E17F-0670-47E8-9F4A-A552FDB3D484}
	EndGlobalSection
EndGlobal
