
Microsoft Visual Studio Solution File, Format Version 12.00
# Visual Studio Version 17
VisualStudioVersion = 17.4.33213.308
MinimumVisualStudioVersion = 10.0.40219.1
Project("{FAE04EC0-301F-11D3-BF4B-00C04F79EFBC}") = "exerUri1046", "exerUri1046.csproj", "{F476BCAE-C47E-44F3-A502-B6DA2D76B52B}"
EndProject
Global
	GlobalSection(SolutionConfigurationPlatforms) = preSolution
		Debug|Any CPU = Debug|Any CPU
		Release|Any CPU = Release|Any CPU
	EndGlobalSection
	GlobalSection(ProjectConfigurationPlatforms) = postSolution
		{F476BCAE-C47E-44F3-A502-B6DA2D76B52B}.Debug|Any CPU.ActiveCfg = Debug|Any CPU
		{F476BCAE-C47E-44F3-A502-B6DA2D76B52B}.Debug|Any CPU.Build.0 = Debug|Any CPU
		{F476BCAE-C47E-44F3-A502-B6DA2D76B52B}.Release|Any CPU.ActiveCfg = Release|Any CPU
		{F476BCAE-C47E-44F3-A502-B6DA2D76B52B}.Release|Any CPU.Build.0 = Release|Any CPU
	EndGlobalSection
	GlobalSection(SolutionProperties) = preSolution
		HideSolutionNode = FALSE
	EndGlobalSection
	GlobalSection(ExtensibilityGlobals) = postSolution
		SolutionGuid = {96FD241A-7EFA-422B-A866-175EE0734F9E}
	EndGlobalSection
EndGlobal
