
Microsoft Visual Studio Solution File, Format Version 12.00
# Visual Studio Version 17
VisualStudioVersion = 17.4.33213.308
MinimumVisualStudioVersion = 10.0.40219.1
Project("{FAE04EC0-301F-11D3-BF4B-00C04F79EFBC}") = "exerUri1009", "exerUri1009.csproj", "{55B9B957-5956-4CBC-AF18-6BBF1BB4BA88}"
EndProject
Global
	GlobalSection(SolutionConfigurationPlatforms) = preSolution
		Debug|Any CPU = Debug|Any CPU
		Release|Any CPU = Release|Any CPU
	EndGlobalSection
	GlobalSection(ProjectConfigurationPlatforms) = postSolution
		{55B9B957-5956-4CBC-AF18-6BBF1BB4BA88}.Debug|Any CPU.ActiveCfg = Debug|Any CPU
		{55B9B957-5956-4CBC-AF18-6BBF1BB4BA88}.Debug|Any CPU.Build.0 = Debug|Any CPU
		{55B9B957-5956-4CBC-AF18-6BBF1BB4BA88}.Release|Any CPU.ActiveCfg = Release|Any CPU
		{55B9B957-5956-4CBC-AF18-6BBF1BB4BA88}.Release|Any CPU.Build.0 = Release|Any CPU
	EndGlobalSection
	GlobalSection(SolutionProperties) = preSolution
		HideSolutionNode = FALSE
	EndGlobalSection
	GlobalSection(ExtensibilityGlobals) = postSolution
		SolutionGuid = {11280BFC-4CCE-4C65-8D47-7254520A9DBA}
	EndGlobalSection
EndGlobal
