
Microsoft Visual Studio Solution File, Format Version 12.00
# Visual Studio Version 17
VisualStudioVersion = 17.4.33213.308
MinimumVisualStudioVersion = 10.0.40219.1
Project("{FAE04EC0-301F-11D3-BF4B-00C04F79EFBC}") = "exerUri1035", "exerUri1035.csproj", "{EDA228FB-CC40-45F9-9FCA-88F9D8DC2706}"
EndProject
Global
	GlobalSection(SolutionConfigurationPlatforms) = preSolution
		Debug|Any CPU = Debug|Any CPU
		Release|Any CPU = Release|Any CPU
	EndGlobalSection
	GlobalSection(ProjectConfigurationPlatforms) = postSolution
		{EDA228FB-CC40-45F9-9FCA-88F9D8DC2706}.Debug|Any CPU.ActiveCfg = Debug|Any CPU
		{EDA228FB-CC40-45F9-9FCA-88F9D8DC2706}.Debug|Any CPU.Build.0 = Debug|Any CPU
		{EDA228FB-CC40-45F9-9FCA-88F9D8DC2706}.Release|Any CPU.ActiveCfg = Release|Any CPU
		{EDA228FB-CC40-45F9-9FCA-88F9D8DC2706}.Release|Any CPU.Build.0 = Release|Any CPU
	EndGlobalSection
	GlobalSection(SolutionProperties) = preSolution
		HideSolutionNode = FALSE
	EndGlobalSection
	GlobalSection(ExtensibilityGlobals) = postSolution
		SolutionGuid = {27A99A6B-CE67-4CAB-ABE3-435E797003D4}
	EndGlobalSection
EndGlobal
