
Microsoft Visual Studio Solution File, Format Version 12.00
# Visual Studio Version 17
VisualStudioVersion = 17.4.33213.308
MinimumVisualStudioVersion = 10.0.40219.1
Project("{FAE04EC0-301F-11D3-BF4B-00C04F79EFBC}") = "exerUri1014", "exerUri1014.csproj", "{AB112472-4AF8-493E-90C3-19904BE7E828}"
EndProject
Global
	GlobalSection(SolutionConfigurationPlatforms) = preSolution
		Debug|Any CPU = Debug|Any CPU
		Release|Any CPU = Release|Any CPU
	EndGlobalSection
	GlobalSection(ProjectConfigurationPlatforms) = postSolution
		{AB112472-4AF8-493E-90C3-19904BE7E828}.Debug|Any CPU.ActiveCfg = Debug|Any CPU
		{AB112472-4AF8-493E-90C3-19904BE7E828}.Debug|Any CPU.Build.0 = Debug|Any CPU
		{AB112472-4AF8-493E-90C3-19904BE7E828}.Release|Any CPU.ActiveCfg = Release|Any CPU
		{AB112472-4AF8-493E-90C3-19904BE7E828}.Release|Any CPU.Build.0 = Release|Any CPU
	EndGlobalSection
	GlobalSection(SolutionProperties) = preSolution
		HideSolutionNode = FALSE
	EndGlobalSection
	GlobalSection(ExtensibilityGlobals) = postSolution
		SolutionGuid = {A7C7E937-671C-48EB-833E-DEF72C8A075F}
	EndGlobalSection
EndGlobal
