
Microsoft Visual Studio Solution File, Format Version 12.00
# Visual Studio Version 17
VisualStudioVersion = 17.4.33213.308
MinimumVisualStudioVersion = 10.0.40219.1
Project("{FAE04EC0-301F-11D3-BF4B-00C04F79EFBC}") = "exerUri1051", "exerUri1051.csproj", "{90E07B65-9FDA-4D83-939F-4B61D13C5B45}"
EndProject
Global
	GlobalSection(SolutionConfigurationPlatforms) = preSolution
		Debug|Any CPU = Debug|Any CPU
		Release|Any CPU = Release|Any CPU
	EndGlobalSection
	GlobalSection(ProjectConfigurationPlatforms) = postSolution
		{90E07B65-9FDA-4D83-939F-4B61D13C5B45}.Debug|Any CPU.ActiveCfg = Debug|Any CPU
		{90E07B65-9FDA-4D83-939F-4B61D13C5B45}.Debug|Any CPU.Build.0 = Debug|Any CPU
		{90E07B65-9FDA-4D83-939F-4B61D13C5B45}.Release|Any CPU.ActiveCfg = Release|Any CPU
		{90E07B65-9FDA-4D83-939F-4B61D13C5B45}.Release|Any CPU.Build.0 = Release|Any CPU
	EndGlobalSection
	GlobalSection(SolutionProperties) = preSolution
		HideSolutionNode = FALSE
	EndGlobalSection
	GlobalSection(ExtensibilityGlobals) = postSolution
		SolutionGuid = {921349DB-8B8E-410B-85D1-33642CA107DA}
	EndGlobalSection
EndGlobal
