
Microsoft Visual Studio Solution File, Format Version 12.00
# Visual Studio Version 17
VisualStudioVersion = 17.4.33213.308
MinimumVisualStudioVersion = 10.0.40219.1
Project("{FAE04EC0-301F-11D3-BF4B-00C04F79EFBC}") = "exerUri1006", "exerUri1006.csproj", "{A2FBF44B-2887-418F-B3D7-71BA6C179A23}"
EndProject
Global
	GlobalSection(SolutionConfigurationPlatforms) = preSolution
		Debug|Any CPU = Debug|Any CPU
		Release|Any CPU = Release|Any CPU
	EndGlobalSection
	GlobalSection(ProjectConfigurationPlatforms) = postSolution
		{A2FBF44B-2887-418F-B3D7-71BA6C179A23}.Debug|Any CPU.ActiveCfg = Debug|Any CPU
		{A2FBF44B-2887-418F-B3D7-71BA6C179A23}.Debug|Any CPU.Build.0 = Debug|Any CPU
		{A2FBF44B-2887-418F-B3D7-71BA6C179A23}.Release|Any CPU.ActiveCfg = Release|Any CPU
		{A2FBF44B-2887-418F-B3D7-71BA6C179A23}.Release|Any CPU.Build.0 = Release|Any CPU
	EndGlobalSection
	GlobalSection(SolutionProperties) = preSolution
		HideSolutionNode = FALSE
	EndGlobalSection
	GlobalSection(ExtensibilityGlobals) = postSolution
		SolutionGuid = {E2C88AE2-79CC-4AF9-9C9A-FDEF83634652}
	EndGlobalSection
EndGlobal
